
Microsoft Visual Studio Solution File, Format Version 12.00
# Visual Studio Version 17
VisualStudioVersion = 17.1.32421.90
MinimumVisualStudioVersion = 10.0.40219.1
Project("{FAE04EC0-301F-11D3-BF4B-00C04F79EFBC}") = "BudgetWebApp", "BudgetWebApp\BudgetWebApp.csproj", "{ED9BF9D4-EF75-4257-B02F-5462F49028E4}"
EndProject
Global
	GlobalSection(SolutionConfigurationPlatforms) = preSolution
		Debug|Any CPU = Debug|Any CPU
		Release|Any CPU = Release|Any CPU
	EndGlobalSection
	GlobalSection(ProjectConfigurationPlatforms) = postSolution
		{ED9BF9D4-EF75-4257-B02F-5462F49028E4}.Debug|Any CPU.ActiveCfg = Debug|Any CPU
		{ED9BF9D4-EF75-4257-B02F-5462F49028E4}.Debug|Any CPU.Build.0 = Debug|Any CPU
		{ED9BF9D4-EF75-4257-B02F-5462F49028E4}.Release|Any CPU.ActiveCfg = Release|Any CPU
		{ED9BF9D4-EF75-4257-B02F-5462F49028E4}.Release|Any CPU.Build.0 = Release|Any CPU
	EndGlobalSection
	GlobalSection(SolutionProperties) = preSolution
		HideSolutionNode = FALSE
	EndGlobalSection
	GlobalSection(ExtensibilityGlobals) = postSolution
		SolutionGuid = {9DB86C58-4146-4E12-B3D1-2988A9C24CB0}
	EndGlobalSection
EndGlobal
