
Microsoft Visual Studio Solution File, Format Version 12.00
# Visual Studio Version 17
VisualStudioVersion = 17.1.32421.90
MinimumVisualStudioVersion = 10.0.40219.1
Project("{FAE04EC0-301F-11D3-BF4B-00C04F79EFBC}") = "WebAppMVC", "WebAppMVC\WebAppMVC.csproj", "{0753046F-CC78-4D39-A608-1C4877D5E544}"
EndProject
Project("{FAE04EC0-301F-11D3-BF4B-00C04F79EFBC}") = "TestProMVC", "TestProMVC\TestProMVC.csproj", "{D4A46FFE-603E-46D4-B10C-92A00AAA0292}"
EndProject
Global
	GlobalSection(SolutionConfigurationPlatforms) = preSolution
		Debug|Any CPU = Debug|Any CPU
		Release|Any CPU = Release|Any CPU
	EndGlobalSection
	GlobalSection(ProjectConfigurationPlatforms) = postSolution
		{0753046F-CC78-4D39-A608-1C4877D5E544}.Debug|Any CPU.ActiveCfg = Debug|Any CPU
		{0753046F-CC78-4D39-A608-1C4877D5E544}.Debug|Any CPU.Build.0 = Debug|Any CPU
		{0753046F-CC78-4D39-A608-1C4877D5E544}.Release|Any CPU.ActiveCfg = Release|Any CPU
		{0753046F-CC78-4D39-A608-1C4877D5E544}.Release|Any CPU.Build.0 = Release|Any CPU
		{D4A46FFE-603E-46D4-B10C-92A00AAA0292}.Debug|Any CPU.ActiveCfg = Debug|Any CPU
		{D4A46FFE-603E-46D4-B10C-92A00AAA0292}.Debug|Any CPU.Build.0 = Debug|Any CPU
		{D4A46FFE-603E-46D4-B10C-92A00AAA0292}.Release|Any CPU.ActiveCfg = Release|Any CPU
		{D4A46FFE-603E-46D4-B10C-92A00AAA0292}.Release|Any CPU.Build.0 = Release|Any CPU
	EndGlobalSection
	GlobalSection(SolutionProperties) = preSolution
		HideSolutionNode = FALSE
	EndGlobalSection
	GlobalSection(ExtensibilityGlobals) = postSolution
		SolutionGuid = {8E83C4F4-A66F-497E-A2C8-82A3E99E4DE7}
	EndGlobalSection
EndGlobal
